github.com/go-sql-driver/mysql v1.7.0 h1:ueSltNNllEqE3qcWBTD0iQd3IpL/6U+mJxLkazJ7YPc=
github.com/go-sql-driver/mysql v1.7.0/go.mod h1:OXbVy3sEdcQ2Doequ6Z5BW6fXNQTmx+9S1MCJN5yJMI=
github.com/whoisnian/glb v1.1.1 h1:8miHOJWKMeQp9km2iFUIh7SVZQkEj6JO3x2rXrKbqzI=
github.com/whoisnian/glb v1.1.1/go.mod h1:dw50N/+UXKEOzmbAsL1iCsKf2Q7xIQqish0jWW5uRDE=
golang.org/x/sys v0.0.0-20220731174439-a90be440212d h1:Sv5ogFZatcgIMMtBSTTAgMYsicp25MXBubjXNDKwm80=
golang.org/x/term v0.0.0-20220722155259-a9ba230a4035 h1:Q5284mrmYTpACcm+eAKjKJH48BBwSyfJqmmGDTtT8Vc=
